
Microsoft Visual Studio Solution File, Format Version 12.00
# Visual Studio Version 17
VisualStudioVersion = 17.13.35931.197 d17.13
MinimumVisualStudioVersion = 10.0.40219.1
Project("{FAE04EC0-301F-11D3-BF4B-00C04F79EFBC}") = "ChatBotFinalPOE", "ChatBotFinalPOE.csproj", "{147916F9-73F5-45B4-9BAF-6AB1B6572F2C}"
EndProject
Global
	GlobalSection(SolutionConfigurationPlatforms) = preSolution
		Debug|Any CPU = Debug|Any CPU
		Release|Any CPU = Release|Any CPU
	EndGlobalSection
	GlobalSection(ProjectConfigurationPlatforms) = postSolution
		{147916F9-73F5-45B4-9BAF-6AB1B6572F2C}.Debug|Any CPU.ActiveCfg = Debug|Any CPU
		{147916F9-73F5-45B4-9BAF-6AB1B6572F2C}.Debug|Any CPU.Build.0 = Debug|Any CPU
		{147916F9-73F5-45B4-9BAF-6AB1B6572F2C}.Release|Any CPU.ActiveCfg = Release|Any CPU
		{147916F9-73F5-45B4-9BAF-6AB1B6572F2C}.Release|Any CPU.Build.0 = Release|Any CPU
	EndGlobalSection
	GlobalSection(SolutionProperties) = preSolution
		HideSolutionNode = FALSE
	EndGlobalSection
	GlobalSection(ExtensibilityGlobals) = postSolution
		SolutionGuid = {087CDC73-7812-41C8-808B-431D2F11F189}
	EndGlobalSection
EndGlobal
